
Microsoft Visual Studio Solution File, Format Version 12.00
# Visual Studio Version 17
VisualStudioVersion = 17.10.35122.118
MinimumVisualStudioVersion = 10.0.40219.1
Project("{FAE04EC0-301F-11D3-BF4B-00C04F79EFBC}") = "LibraryManagementSystem", "LibraryManagementSystem\LibraryManagementSystem.csproj", "{43978C18-0123-43FF-AECB-1C8896C26784}"
EndProject
Global
	GlobalSection(SolutionConfigurationPlatforms) = preSolution
		Debug|Any CPU = Debug|Any CPU
		Release|Any CPU = Release|Any CPU
	EndGlobalSection
	GlobalSection(ProjectConfigurationPlatforms) = postSolution
		{43978C18-0123-43FF-AECB-1C8896C26784}.Debug|Any CPU.ActiveCfg = Debug|Any CPU
		{43978C18-0123-43FF-AECB-1C8896C26784}.Debug|Any CPU.Build.0 = Debug|Any CPU
		{43978C18-0123-43FF-AECB-1C8896C26784}.Release|Any CPU.ActiveCfg = Release|Any CPU
		{43978C18-0123-43FF-AECB-1C8896C26784}.Release|Any CPU.Build.0 = Release|Any CPU
	EndGlobalSection
	GlobalSection(SolutionProperties) = preSolution
		HideSolutionNode = FALSE
	EndGlobalSection
	GlobalSection(ExtensibilityGlobals) = postSolution
		SolutionGuid = {037EC7D0-1D0A-49FE-AAB1-454F7805AD2E}
	EndGlobalSection
EndGlobal
